
Microsoft Visual Studio Solution File, Format Version 12.00
# Visual Studio 15
VisualStudioVersion = 15.0.26730.8
MinimumVisualStudioVersion = 10.0.40219.1
Project("{2150E333-8FDC-42A3-9474-1A3956D46DE8}") = "tests", "tests", "{7691CB4F-D19B-471D-B55B-633FF904C353}"
EndProject
Project("{2150E333-8FDC-42A3-9474-1A3956D46DE8}") = "src", "src", "{90F10B3F-5F02-4C4E-B11D-683BC9BA2C80}"
EndProject
Project("{9A19103F-16F7-4668-BE54-9A1E7A4F7556}") = "Generic.Math", "src\Generic.Math\Generic.Math.csproj", "{1F12A154-E74A-4465-B306-37E129826A05}"
EndProject
Project("{FAE04EC0-301F-11D3-BF4B-00C04F79EFBC}") = "Generic.Math.Tests", "tests\Generic.Math.Tests\Generic.Math.Tests.csproj", "{68A676A0-01E9-4FC3-929B-0F6AE599E7FD}"
EndProject
Global
	GlobalSection(SolutionConfigurationPlatforms) = preSolution
		Debug|Any CPU = Debug|Any CPU
		Debug|x64 = Debug|x64
		Debug|x86 = Debug|x86
		Release|Any CPU = Release|Any CPU
		Release|x64 = Release|x64
		Release|x86 = Release|x86
	EndGlobalSection
	GlobalSection(ProjectConfigurationPlatforms) = postSolution
		{1F12A154-E74A-4465-B306-37E129826A05}.Debug|Any CPU.ActiveCfg = Debug|Any CPU
		{1F12A154-E74A-4465-B306-37E129826A05}.Debug|Any CPU.Build.0 = Debug|Any CPU
		{1F12A154-E74A-4465-B306-37E129826A05}.Debug|x64.ActiveCfg = Debug|Any CPU
		{1F12A154-E74A-4465-B306-37E129826A05}.Debug|x64.Build.0 = Debug|Any CPU
		{1F12A154-E74A-4465-B306-37E129826A05}.Debug|x86.ActiveCfg = Debug|Any CPU
		{1F12A154-E74A-4465-B306-37E129826A05}.Debug|x86.Build.0 = Debug|Any CPU
		{1F12A154-E74A-4465-B306-37E129826A05}.Release|Any CPU.ActiveCfg = Release|Any CPU
		{1F12A154-E74A-4465-B306-37E129826A05}.Release|Any CPU.Build.0 = Release|Any CPU
		{1F12A154-E74A-4465-B306-37E129826A05}.Release|x64.ActiveCfg = Release|Any CPU
		{1F12A154-E74A-4465-B306-37E129826A05}.Release|x64.Build.0 = Release|Any CPU
		{1F12A154-E74A-4465-B306-37E129826A05}.Release|x86.ActiveCfg = Release|Any CPU
		{1F12A154-E74A-4465-B306-37E129826A05}.Release|x86.Build.0 = Release|Any CPU
		{68A676A0-01E9-4FC3-929B-0F6AE599E7FD}.Debug|Any CPU.ActiveCfg = Debug|Any CPU
		{68A676A0-01E9-4FC3-929B-0F6AE599E7FD}.Debug|Any CPU.Build.0 = Debug|Any CPU
		{68A676A0-01E9-4FC3-929B-0F6AE599E7FD}.Debug|x64.ActiveCfg = Debug|Any CPU
		{68A676A0-01E9-4FC3-929B-0F6AE599E7FD}.Debug|x64.Build.0 = Debug|Any CPU
		{68A676A0-01E9-4FC3-929B-0F6AE599E7FD}.Debug|x86.ActiveCfg = Debug|Any CPU
		{68A676A0-01E9-4FC3-929B-0F6AE599E7FD}.Debug|x86.Build.0 = Debug|Any CPU
		{68A676A0-01E9-4FC3-929B-0F6AE599E7FD}.Release|Any CPU.ActiveCfg = Release|Any CPU
		{68A676A0-01E9-4FC3-929B-0F6AE599E7FD}.Release|Any CPU.Build.0 = Release|Any CPU
		{68A676A0-01E9-4FC3-929B-0F6AE599E7FD}.Release|x64.ActiveCfg = Release|Any CPU
		{68A676A0-01E9-4FC3-929B-0F6AE599E7FD}.Release|x64.Build.0 = Release|Any CPU
		{68A676A0-01E9-4FC3-929B-0F6AE599E7FD}.Release|x86.ActiveCfg = Release|Any CPU
		{68A676A0-01E9-4FC3-929B-0F6AE599E7FD}.Release|x86.Build.0 = Release|Any CPU
	EndGlobalSection
	GlobalSection(SolutionProperties) = preSolution
		HideSolutionNode = FALSE
	EndGlobalSection
	GlobalSection(NestedProjects) = preSolution
		{1F12A154-E74A-4465-B306-37E129826A05} = {90F10B3F-5F02-4C4E-B11D-683BC9BA2C80}
		{68A676A0-01E9-4FC3-929B-0F6AE599E7FD} = {7691CB4F-D19B-471D-B55B-633FF904C353}
	EndGlobalSection
	GlobalSection(ExtensibilityGlobals) = postSolution
		SolutionGuid = {EF29C5DB-F959-4133-9148-717BC53BADE1}
	EndGlobalSection
EndGlobal
